// !$*UTF8*$!
{
	archiveVersion = 1;
	classes = {
	};
	objectVersion = 52;
	objects = {

/* Begin PBXBuildFile section */
		C24BF69D22D64805007BBA24 /* AppDelegate.swift in Sources */ = {isa = PBXBuildFile; fileRef = C24BF69C22D64805007BBA24 /* AppDelegate.swift */; };
		C24BF69F22D64805007BBA24 /* SceneDelegate.swift in Sources */ = {isa = PBXBuildFile; fileRef = C24BF69E22D64805007BBA24 /* SceneDelegate.swift */; };
		C24BF6A122D64805007BBA24 /* ViewController.swift in Sources */ = {isa = PBXBuildFile; fileRef = C24BF6A022D64805007BBA24 /* ViewController.swift */; };
		C24BF6A422D64805007BBA24 /* Main.storyboard in Resources */ = {isa = PBXBuildFile; fileRef = C24BF6A222D64805007BBA24 /* Main.storyboard */; };
		C24BF6A622D64807007BBA24 /* Assets.xcassets in Resources */ = {isa = PBXBuildFile; fileRef = C24BF6A522D64807007BBA24 /* Assets.xcassets */; };
		C24BF6A922D64807007BBA24 /* LaunchScreen.storyboard in Resources */ = {isa = PBXBuildFile; fileRef = C24BF6A722D64807007BBA24 /* LaunchScreen.storyboard */; };
		C24BF6B222D64881007BBA24 /* Alamofire in Frameworks */ = {isa = PBXBuildFile; productRef = C24BF6B122D64881007BBA24 /* Alamofire */; };
/* End PBXBuildFile section */

/* Begin PBXFileReference section */
		C24BF69922D64805007BBA24 /* AlomoFire.app */ = {isa = PBXFileReference; explicitFileType = wrapper.application; includeInIndex = 0; path = AlomoFire.app; sourceTree = BUILT_PRODUCTS_DIR; };
		C24BF69C22D64805007BBA24 /* AppDelegate.swift */ = {isa = PBXFileReference; lastKnownFileType = sourcecode.swift; path = AppDelegate.swift; sourceTree = "<group>"; };
		C24BF69E22D64805007BBA24 /* SceneDelegate.swift */ = {isa = PBXFileReference; lastKnownFileType = sourcecode.swift; path = SceneDelegate.swift; sourceTree = "<group>"; };
		C24BF6A022D64805007BBA24 /* ViewController.swift */ = {isa = PBXFileReference; lastKnownFileType = sourcecode.swift; path = ViewController.swift; sourceTree = "<group>"; };
		C24BF6A322D64805007BBA24 /* Base */ = {isa = PBXFileReference; lastKnownFileType = file.storyboard; name = Base; path = Base.lproj/Main.storyboard; sourceTree = "<group>"; };
		C24BF6A522D64807007BBA24 /* Assets.xcassets */ = {isa = PBXFileReference; lastKnownFileType = folder.assetcatalog; path = Assets.xcassets; sourceTree = "<group>"; };
		C24BF6A822D64807007BBA24 /* Base */ = {isa = PBXFileReference; lastKnownFileType = file.storyboard; name = Base; path = Base.lproj/LaunchScreen.storyboard; sourceTree = "<group>"; };
		C24BF6AA22D64807007BBA24 /* Info.plist */ = {isa = PBXFileReference; lastKnownFileType = text.plist.xml; path = Info.plist; sourceTree = "<group>"; };
/* End PBXFileReference section */

/* Begin PBXFrameworksBuildPhase section */
		C24BF69622D64805007BBA24 /* Frameworks */ = {
			isa = PBXFrameworksBuildPhase;
			buildActionMask = 2147483647;
			files = (
				C24BF6B222D64881007BBA24 /* Alamofire in Frameworks */,
			);
			runOnlyForDeploymentPostprocessing = 0;
		};
/* End PBXFrameworksBuildPhase section */

/* Begin PBXGroup section */
		C24BF69022D64805007BBA24 = {
			isa = PBXGroup;
			children = (
				C24BF69B22D64805007BBA24 /* AlomoFire */,
				C24BF69A22D64805007BBA24 /* Products */,
			);
			sourceTree = "<group>";
		};
		C24BF69A22D64805007BBA24 /* Products */ = {
			isa = PBXGroup;
			children = (
				C24BF69922D64805007BBA24 /* AlomoFire.app */,
			);
			name = Products;
			sourceTree = "<group>";
		};
		C24BF69B22D64805007BBA24 /* AlomoFire */ = {
			isa = PBXGroup;
			children = (
				C24BF69C22D64805007BBA24 /* AppDelegate.swift */,
				C24BF69E22D64805007BBA24 /* SceneDelegate.swift */,
				C24BF6A022D64805007BBA24 /* ViewController.swift */,
				C24BF6A222D64805007BBA24 /* Main.storyboard */,
				C24BF6A522D64807007BBA24 /* Assets.xcassets */,
				C24BF6A722D64807007BBA24 /* LaunchScreen.storyboard */,
				C24BF6AA22D64807007BBA24 /* Info.plist */,
			);
			path = AlomoFire;
			sourceTree = "<group>";
		};
/* End PBXGroup section */

/* Begin PBXNativeTarget section */
		C24BF69822D64805007BBA24 /* AlomoFire */ = {
			isa = PBXNativeTarget;
			buildConfigurationList = C24BF6AD22D64807007BBA24 /* Build configuration list for PBXNativeTarget "AlomoFire" */;
			buildPhases = (
				C24BF69522D64805007BBA24 /* Sources */,
				C24BF69622D64805007BBA24 /* Frameworks */,
				C24BF69722D64805007BBA24 /* Resources */,
			);
			buildRules = (
			);
			dependencies = (
			);
			name = AlomoFire;
			packageProductDependencies = (
				C24BF6B122D64881007BBA24 /* Alamofire */,
			);
			productName = AlomoFire;
			productReference = C24BF69922D64805007BBA24 /* AlomoFire.app */;
			productType = "com.apple.product-type.application";
		};
/* End PBXNativeTarget section */

/* Begin PBXProject section */
		C24BF69122D64805007BBA24 /* Project object */ = {
			isa = PBXProject;
			attributes = {
				LastSwiftUpdateCheck = 1100;
				LastUpgradeCheck = 1100;
				ORGANIZATIONNAME = "Денис Андреев";
				TargetAttributes = {
					C24BF69822D64805007BBA24 = {
						CreatedOnToolsVersion = 11.0;
					};
				};
			};
			buildConfigurationList = C24BF69422D64805007BBA24 /* Build configuration list for PBXProject "AlomoFire" */;
			compatibilityVersion = "Xcode 9.3";
			developmentRegion = en;
			hasScannedForEncodings = 0;
			knownRegions = (
				en,
				Base,
			);
			mainGroup = C24BF69022D64805007BBA24;
			packageReferences = (
				C24BF6B022D64881007BBA24 /* XCRemoteSwiftPackageReference "Alamofire" */,
			);
			productRefGroup = C24BF69A22D64805007BBA24 /* Products */;
			projectDirPath = "";
			projectRoot = "";
			targets = (
				C24BF69822D64805007BBA24 /* AlomoFire */,
			);
		};
/* End PBXProject section */

/* Begin PBXResourcesBuildPhase section */
		C24BF69722D64805007BBA24 /* Resources */ = {
			isa = PBXResourcesBuildPhase;
			buildActionMask = 2147483647;
			files = (
				C24BF6A922D64807007BBA24 /* LaunchScreen.storyboard in Resources */,
				C24BF6A622D64807007BBA24 /* Assets.xcassets in Resources */,
				C24BF6A422D64805007BBA24 /* Main.storyboard in Resources */,
			);
			runOnlyForDeploymentPostprocessing = 0;
		};
/* End PBXResourcesBuildPhase section */

/* Begin PBXSourcesBuildPhase section */
		C24BF69522D64805007BBA24 /* Sources */ = {
			isa = PBXSourcesBuildPhase;
			buildActionMask = 2147483647;
			files = (
				C24BF6A122D64805007BBA24 /* ViewController.swift in Sources */,
				C24BF69D22D64805007BBA24 /* AppDelegate.swift in Sources */,
				C24BF69F22D64805007BBA24 /* SceneDelegate.swift in Sources */,
			);
			runOnlyForDeploymentPostprocessing = 0;
		};
/* End PBXSourcesBuildPhase section */

/* Begin PBXVariantGroup section */
		C24BF6A222D64805007BBA24 /* Main.storyboard */ = {
			isa = PBXVariantGroup;
			children = (
				C24BF6A322D64805007BBA24 /* Base */,
			);
			name = Main.storyboard;
			sourceTree = "<group>";
		};
		C24BF6A722D64807007BBA24 /* LaunchScreen.storyboard */ = {
			isa = PBXVariantGroup;
			children = (
				C24BF6A822D64807007BBA24 /* Base */,
			);
			name = LaunchScreen.storyboard;
			sourceTree = "<group>";
		};
/* End PBXVariantGroup section */

/* Begin XCBuildConfiguration section */
		C24BF6AB22D64807007BBA24 /* Debug */ = {
			isa = XCBuildConfiguration;
			buildSettings = {
				ALWAYS_SEARCH_USER_PATHS = NO;
				CLANG_ANALYZER_NONNULL = YES;
				CLANG_ANALYZER_NUMBER_OBJECT_CONVERSION = YES_AGGRESSIVE;
				CLANG_CXX_LANGUAGE_STANDARD = "gnu++14";
				CLANG_CXX_LIBRARY = "libc++";
				CLANG_ENABLE_MODULES = YES;
				CLANG_ENABLE_OBJC_ARC = YES;
				CLANG_ENABLE_OBJC_WEAK = YES;
				CLANG_WARN_BLOCK_CAPTURE_AUTORELEASING = YES;
				CLANG_WARN_BOOL_CONVERSION = YES;
				CLANG_WARN_COMMA = YES;
				CLANG_WARN_CONSTANT_CONVERSION = YES;
				CLANG_WARN_DEPRECATED_OBJC_IMPLEMENTATIONS = YES;
				CLANG_WARN_DIRECT_OBJC_ISA_USAGE = YES_ERROR;
				CLANG_WARN_DOCUMENTATION_COMMENTS = YES;
				CLANG_WARN_EMPTY_BODY = YES;
				CLANG_WARN_ENUM_CONVERSION = YES;
				CLANG_WARN_INFINITE_RECURSION = YES;
				CLANG_WARN_INT_CONVERSION = YES;
				CLANG_WARN_NON_LITERAL_NULL_CONVERSION = YES;
				CLANG_WARN_OBJC_IMPLICIT_RETAIN_SELF = YES;
				CLANG_WARN_OBJC_LITERAL_CONVERSION = YES;
				CLANG_WARN_OBJC_ROOT_CLASS = YES_ERROR;
				CLANG_WARN_RANGE_LOOP_ANALYSIS = YES;
				CLANG_WARN_STRICT_PROTOTYPES = YES;
				CLANG_WARN_SUSPICIOUS_MOVE = YES;
				CLANG_WARN_UNGUARDED_AVAILABILITY = YES_AGGRESSIVE;
				CLANG_WARN_UNREACHABLE_CODE = YES;
				CLANG_WARN__DUPLICATE_METHOD_MATCH = YES;
				COPY_PHASE_STRIP = NO;
				DEBUG_INFORMATION_FORMAT = dwarf;
				ENABLE_STRICT_OBJC_MSGSEND = YES;
				ENABLE_TESTABILITY = YES;
				GCC_C_LANGUAGE_STANDARD = gnu11;
				GCC_DYNAMIC_NO_PIC = NO;
				GCC_NO_COMMON_BLOCKS = YES;
				GCC_OPTIMIZATION_LEVEL = 0;
				GCC_PREPROCESSOR_DEFINITIONS = (
					"DEBUG=1",
					"$(inherited)",
				);
				GCC_WARN_64_TO_32_BIT_CONVERSION = YES;
				GCC_WARN_ABOUT_RETURN_TYPE = YES_ERROR;
				GCC_WARN_UNDECLARED_SELECTOR = YES;
				GCC_WARN_UNINITIALIZED_AUTOS = YES_AGGRESSIVE;
				GCC_WARN_UNUSED_FUNCTION = YES;
				GCC_WARN_UNUSED_VARIABLE = YES;
				IPHONEOS_DEPLOYMENT_TARGET = 13.0;
				MTL_ENABLE_DEBUG_INFO = INCLUDE_SOURCE;
				MTL_FAST_MATH = YES;
				ONLY_ACTIVE_ARCH = YES;
				SDKROOT = iphoneos;
				SWIFT_ACTIVE_COMPILATION_CONDITIONS = DEBUG;
				SWIFT_OPTIMIZATION_LEVEL = "-Onone";
			};
			name = Debug;
		};
		C24BF6AC22D64807007BBA24 /* Release */ = {
			isa = XCBuildConfiguration;
			buildSettings = {
				ALWAYS_SEARCH_USER_PATHS = NO;
				CLANG_ANALYZER_NONNULL = YES;
				CLANG_ANALYZER_NUMBER_OBJECT_CONVERSION = YES_AGGRESSIVE;
				CLANG_CXX_LANGUAGE_STANDARD = "gnu++14";
				CLANG_CXX_LIBRARY = "libc++";
				CLANG_ENABLE_MODULES = YES;
				CLANG_ENABLE_OBJC_ARC = YES;
				CLANG_ENABLE_OBJC_WEAK = YES;
				CLANG_WARN_BLOCK_CAPTURE_AUTORELEASING = YES;
				CLANG_WARN_BOOL_CONVERSION = YES;
				CLANG_WARN_COMMA = YES;
				CLANG_WARN_CONSTANT_CONVERSION = YES;
				CLANG_WARN_DEPRECATED_OBJC_IMPLEMENTATIONS = YES;
				CLANG_WARN_DIRECT_OBJC_ISA_USAGE = YES_ERROR;
				CLANG_WARN_DOCUMENTATION_COMMENTS = YES;
				CLANG_WARN_EMPTY_BODY = YES;
				CLANG_WARN_ENUM_CONVERSION = YES;
				CLANG_WARN_INFINITE_RECURSION = YES;
				CLANG_WARN_INT_CONVERSION = YES;
				CLANG_WARN_NON_LITERAL_NULL_CONVERSION = YES;
				CLANG_WARN_OBJC_IMPLICIT_RETAIN_SELF = YES;
				CLANG_WARN_OBJC_LITERAL_CONVERSION = YES;
				CLANG_WARN_OBJC_ROOT_CLASS = YES_ERROR;
				CLANG_WARN_RANGE_LOOP_ANALYSIS = YES;
				CLANG_WARN_STRICT_PROTOTYPES = YES;
				CLANG_WARN_SUSPICIOUS_MOVE = YES;
				CLANG_WARN_UNGUARDED_AVAILABILITY = YES_AGGRESSIVE;
				CLANG_WARN_UNREACHABLE_CODE = YES;
				CLANG_WARN__DUPLICATE_METHOD_MATCH = YES;
				COPY_PHASE_STRIP = NO;
				DEBUG_INFORMATION_FORMAT = "dwarf-with-dsym";
				ENABLE_NS_ASSERTIONS = NO;
				ENABLE_STRICT_OBJC_MSGSEND = YES;
				GCC_C_LANGUAGE_STANDARD = gnu11;
				GCC_NO_COMMON_BLOCKS = YES;
				GCC_WARN_64_TO_32_BIT_CONVERSION = YES;
				GCC_WARN_ABOUT_RETURN_TYPE = YES_ERROR;
				GCC_WARN_UNDECLARED_SELECTOR = YES;
				GCC_WARN_UNINITIALIZED_AUTOS = YES_AGGRESSIVE;
				GCC_WARN_UNUSED_FUNCTION = YES;
				GCC_WARN_UNUSED_VARIABLE = YES;
				IPHONEOS_DEPLOYMENT_TARGET = 13.0;
				MTL_ENABLE_DEBUG_INFO = NO;
				MTL_FAST_MATH = YES;
				SDKROOT = iphoneos;
				SWIFT_COMPILATION_MODE = wholemodule;
				SWIFT_OPTIMIZATION_LEVEL = "-O";
				VALIDATE_PRODUCT = YES;
			};
			name = Release;
		};
		C24BF6AE22D64807007BBA24 /* Debug */ = {
			isa = XCBuildConfiguration;
			buildSettings = {
				ASSETCATALOG_COMPILER_APPICON_NAME = AppIcon;
				CODE_SIGN_STYLE = Automatic;
				DEVELOPMENT_TEAM = VAD68YH3ZG;
				INFOPLIST_FILE = AlomoFire/Info.plist;
				LD_RUNPATH_SEARCH_PATHS = (
					"$(inherited)",
					"@executable_path/Frameworks",
				);
				PRODUCT_BUNDLE_IDENTIFIER = "-.AlomoFire";
				PRODUCT_NAME = "$(TARGET_NAME)";
				SWIFT_VERSION = 5.0;
				TARGETED_DEVICE_FAMILY = "1,2";
			};
			name = Debug;
		};
		C24BF6AF22D64807007BBA24 /* Release */ = {
			isa = XCBuildConfiguration;
			buildSettings = {
				ASSETCATALOG_COMPILER_APPICON_NAME = AppIcon;
				CODE_SIGN_STYLE = Automatic;
				DEVELOPMENT_TEAM = VAD68YH3ZG;
				INFOPLIST_FILE = AlomoFire/Info.plist;
				LD_RUNPATH_SEARCH_PATHS = (
					"$(inherited)",
					"@executable_path/Frameworks",
				);
				PRODUCT_BUNDLE_IDENTIFIER = "-.AlomoFire";
				PRODUCT_NAME = "$(TARGET_NAME)";
				SWIFT_VERSION = 5.0;
				TARGETED_DEVICE_FAMILY = "1,2";
			};
			name = Release;
		};
/* End XCBuildConfiguration section */

/* Begin XCConfigurationList section */
		C24BF69422D64805007BBA24 /* Build configuration list for PBXProject "AlomoFire" */ = {
			isa = XCConfigurationList;
			buildConfigurations = (
				C24BF6AB22D64807007BBA24 /* Debug */,
				C24BF6AC22D64807007BBA24 /* Release */,
			);
			defaultConfigurationIsVisible = 0;
			defaultConfigurationName = Release;
		};
		C24BF6AD22D64807007BBA24 /* Build configuration list for PBXNativeTarget "AlomoFire" */ = {
			isa = XCConfigurationList;
			buildConfigurations = (
				C24BF6AE22D64807007BBA24 /* Debug */,
				C24BF6AF22D64807007BBA24 /* Release */,
			);
			defaultConfigurationIsVisible = 0;
			defaultConfigurationName = Release;
		};
/* End XCConfigurationList section */

/* Begin XCRemoteSwiftPackageReference section */
		C24BF6B022D64881007BBA24 /* XCRemoteSwiftPackageReference "Alamofire" */ = {
			isa = XCRemoteSwiftPackageReference;
			repositoryURL = "https://github.com/Alamofire/Alamofire.git";
			requirement = {
				kind = upToNextMajorVersion;
				minimumVersion = 4.8.2;
			};
		};
/* End XCRemoteSwiftPackageReference section */

/* Begin XCSwiftPackageProductDependency section */
		C24BF6B122D64881007BBA24 /* Alamofire */ = {
			isa = XCSwiftPackageProductDependency;
			package = C24BF6B022D64881007BBA24 /* XCRemoteSwiftPackageReference "Alamofire" */;
			productName = Alamofire;
		};
/* End XCSwiftPackageProductDependency section */
	};
	rootObject = C24BF69122D64805007BBA24 /* Project object */;
}
